// !$*UTF8*$!
{
	archiveVersion = 1;
	classes = {
	};
	objectVersion = 55;
	objects = {

/* Begin PBXAggregateTarget section */
		227C02E2286F0D240094C57D /* Linter & Formatter */ = {
			isa = PBXAggregateTarget;
			buildConfigurationList = 227C02E3286F0D240094C57D /* Build configuration list for PBXAggregateTarget "Linter & Formatter" */;
			buildPhases = (
				227C02E6286F0D3A0094C57D /* [SwiftFormat] Run */,
				227C02E7286F0D3F0094C57D /* [SwiftLint] Run */,
			);
			dependencies = (
			);
			name = "Linter & Formatter";
			productName = "Linter & Formatter";
		};
/* End PBXAggregateTarget section */

/* Begin PBXBuildFile section */
		227C0271286EEF180094C57D /* BoringApp.swift in Sources */ = {isa = PBXBuildFile; fileRef = 227C0270286EEF180094C57D /* BoringApp.swift */; };
		227C0275286EEF1A0094C57D /* Assets.xcassets in Resources */ = {isa = PBXBuildFile; fileRef = 227C0274286EEF1A0094C57D /* Assets.xcassets */; };
		227C0278286EEF1A0094C57D /* Preview Assets.xcassets in Resources */ = {isa = PBXBuildFile; fileRef = 227C0277286EEF1A0094C57D /* Preview Assets.xcassets */; };
		227C0282286EEF1A0094C57D /* BoringTests.swift in Sources */ = {isa = PBXBuildFile; fileRef = 227C0281286EEF1A0094C57D /* BoringTests.swift */; };
		227C028C286EEF1A0094C57D /* BoringUITests.swift in Sources */ = {isa = PBXBuildFile; fileRef = 227C028B286EEF1A0094C57D /* BoringUITests.swift */; };
		227C028E286EEF1A0094C57D /* BoringUITestsLaunchTests.swift in Sources */ = {isa = PBXBuildFile; fileRef = 227C028D286EEF1A0094C57D /* BoringUITestsLaunchTests.swift */; };
		227C029C286EEF870094C57D /* ComposableArchitecture in Frameworks */ = {isa = PBXBuildFile; productRef = 227C029B286EEF870094C57D /* ComposableArchitecture */; };
		227C029E286EF0BE0094C57D /* WelcomeView.swift in Sources */ = {isa = PBXBuildFile; fileRef = 227C029D286EF0BE0094C57D /* WelcomeView.swift */; };
		227C02A0286EF0CE0094C57D /* CategoryView.swift in Sources */ = {isa = PBXBuildFile; fileRef = 227C029F286EF0CE0094C57D /* CategoryView.swift */; };
		227C02A2286EF0DE0094C57D /* ActivityView.swift in Sources */ = {isa = PBXBuildFile; fileRef = 227C02A1286EF0DE0094C57D /* ActivityView.swift */; };
		227C02A7286EF29F0094C57D /* Color+Extension.swift in Sources */ = {isa = PBXBuildFile; fileRef = 227C02A6286EF29F0094C57D /* Color+Extension.swift */; };
		227C02AA286EF41E0094C57D /* Category.swift in Sources */ = {isa = PBXBuildFile; fileRef = 227C02A9286EF41E0094C57D /* Category.swift */; };
		227C02AC286EF59F0094C57D /* Activity.swift in Sources */ = {isa = PBXBuildFile; fileRef = 227C02AB286EF59F0094C57D /* Activity.swift */; };
		227C02AF286EF6280094C57D /* SwiftyJSON in Frameworks */ = {isa = PBXBuildFile; productRef = 227C02AE286EF6280094C57D /* SwiftyJSON */; };
		227C02CC286EF8C50094C57D /* Roboto-Light.ttf in Resources */ = {isa = PBXBuildFile; fileRef = 227C02B9286EF8C50094C57D /* Roboto-Light.ttf */; };
		227C02CE286EF8C50094C57D /* Roboto-Black.ttf in Resources */ = {isa = PBXBuildFile; fileRef = 227C02BB286EF8C50094C57D /* Roboto-Black.ttf */; };
		227C02D2286EF8C50094C57D /* Roboto-Regular.ttf in Resources */ = {isa = PBXBuildFile; fileRef = 227C02BF286EF8C50094C57D /* Roboto-Regular.ttf */; };
		227C02D3286EF8C50094C57D /* Roboto-Medium.ttf in Resources */ = {isa = PBXBuildFile; fileRef = 227C02C0286EF8C50094C57D /* Roboto-Medium.ttf */; };
		227C02D5286EF8C50094C57D /* Roboto-Bold.ttf in Resources */ = {isa = PBXBuildFile; fileRef = 227C02C2286EF8C50094C57D /* Roboto-Bold.ttf */; };
		227C02DC286EF9F30094C57D /* Font+Extensions.swift in Sources */ = {isa = PBXBuildFile; fileRef = 227C02DB286EF9F30094C57D /* Font+Extensions.swift */; };
		227C02DE286EFE660094C57D /* AppView.swift in Sources */ = {isa = PBXBuildFile; fileRef = 227C02DD286EFE660094C57D /* AppView.swift */; };
		227C02E1286F03990094C57D /* CheckBoxView.swift in Sources */ = {isa = PBXBuildFile; fileRef = 227C02E0286F03990094C57D /* CheckBoxView.swift */; };
		229E0119286F275C00EEBBC7 /* ActivityCard.swift in Sources */ = {isa = PBXBuildFile; fileRef = 229E0118286F275C00EEBBC7 /* ActivityCard.swift */; };
		22E41436286F2F1F001E6B62 /* NavigationLink+Extensions.swift in Sources */ = {isa = PBXBuildFile; fileRef = 22E41435286F2F1F001E6B62 /* NavigationLink+Extensions.swift */; };
		22E41439286F3377001E6B62 /* ApiClient.swift in Sources */ = {isa = PBXBuildFile; fileRef = 22E41438286F3377001E6B62 /* ApiClient.swift */; };
		22E4143E286F3425001E6B62 /* Config.swift in Sources */ = {isa = PBXBuildFile; fileRef = 22E4143D286F3425001E6B62 /* Config.swift */; };
		22E41440286F3ED7001E6B62 /* Logger.swift in Sources */ = {isa = PBXBuildFile; fileRef = 22E4143F286F3ED7001E6B62 /* Logger.swift */; };
		22E41442286F3F00001E6B62 /* JSONParsable.swift in Sources */ = {isa = PBXBuildFile; fileRef = 22E41441286F3F00001E6B62 /* JSONParsable.swift */; };
/* End PBXBuildFile section */

/* Begin PBXContainerItemProxy section */
		227C027E286EEF1A0094C57D /* PBXContainerItemProxy */ = {
			isa = PBXContainerItemProxy;
			containerPortal = 227C0265286EEF180094C57D /* Project object */;
			proxyType = 1;
			remoteGlobalIDString = 227C026C286EEF180094C57D;
			remoteInfo = Boring;
		};
		227C0288286EEF1A0094C57D /* PBXContainerItemProxy */ = {
			isa = PBXContainerItemProxy;
			containerPortal = 227C0265286EEF180094C57D /* Project object */;
			proxyType = 1;
			remoteGlobalIDString = 227C026C286EEF180094C57D;
			remoteInfo = Boring;
		};
/* End PBXContainerItemProxy section */

/* Begin PBXFileReference section */
		227C026D286EEF180094C57D /* Boring.app */ = {isa = PBXFileReference; explicitFileType = wrapper.application; includeInIndex = 0; path = Boring.app; sourceTree = BUILT_PRODUCTS_DIR; };
		227C0270286EEF180094C57D /* BoringApp.swift */ = {isa = PBXFileReference; lastKnownFileType = sourcecode.swift; path = BoringApp.swift; sourceTree = "<group>"; };
		227C0274286EEF1A0094C57D /* Assets.xcassets */ = {isa = PBXFileReference; lastKnownFileType = folder.assetcatalog; path = Assets.xcassets; sourceTree = "<group>"; };
		227C0277286EEF1A0094C57D /* Preview Assets.xcassets */ = {isa = PBXFileReference; lastKnownFileType = folder.assetcatalog; path = "Preview Assets.xcassets"; sourceTree = "<group>"; };
		227C027D286EEF1A0094C57D /* BoringTests.xctest */ = {isa = PBXFileReference; explicitFileType = wrapper.cfbundle; includeInIndex = 0; path = BoringTests.xctest; sourceTree = BUILT_PRODUCTS_DIR; };
		227C0281286EEF1A0094C57D /* BoringTests.swift */ = {isa = PBXFileReference; lastKnownFileType = sourcecode.swift; path = BoringTests.swift; sourceTree = "<group>"; };
		227C0287286EEF1A0094C57D /* BoringUITests.xctest */ = {isa = PBXFileReference; explicitFileType = wrapper.cfbundle; includeInIndex = 0; path = BoringUITests.xctest; sourceTree = BUILT_PRODUCTS_DIR; };
		227C028B286EEF1A0094C57D /* BoringUITests.swift */ = {isa = PBXFileReference; lastKnownFileType = sourcecode.swift; path = BoringUITests.swift; sourceTree = "<group>"; };
		227C028D286EEF1A0094C57D /* BoringUITestsLaunchTests.swift */ = {isa = PBXFileReference; lastKnownFileType = sourcecode.swift; path = BoringUITestsLaunchTests.swift; sourceTree = "<group>"; };
		227C029D286EF0BE0094C57D /* WelcomeView.swift */ = {isa = PBXFileReference; lastKnownFileType = sourcecode.swift; path = WelcomeView.swift; sourceTree = "<group>"; };
		227C029F286EF0CE0094C57D /* CategoryView.swift */ = {isa = PBXFileReference; lastKnownFileType = sourcecode.swift; path = CategoryView.swift; sourceTree = "<group>"; };
		227C02A1286EF0DE0094C57D /* ActivityView.swift */ = {isa = PBXFileReference; lastKnownFileType = sourcecode.swift; path = ActivityView.swift; sourceTree = "<group>"; };
		227C02A6286EF29F0094C57D /* Color+Extension.swift */ = {isa = PBXFileReference; lastKnownFileType = sourcecode.swift; path = "Color+Extension.swift"; sourceTree = "<group>"; };
		227C02A9286EF41E0094C57D /* Category.swift */ = {isa = PBXFileReference; lastKnownFileType = sourcecode.swift; path = Category.swift; sourceTree = "<group>"; };
		227C02AB286EF59F0094C57D /* Activity.swift */ = {isa = PBXFileReference; lastKnownFileType = sourcecode.swift; path = Activity.swift; sourceTree = "<group>"; };
		227C02B9286EF8C50094C57D /* Roboto-Light.ttf */ = {isa = PBXFileReference; lastKnownFileType = file; path = "Roboto-Light.ttf"; sourceTree = "<group>"; };
		227C02BB286EF8C50094C57D /* Roboto-Black.ttf */ = {isa = PBXFileReference; lastKnownFileType = file; path = "Roboto-Black.ttf"; sourceTree = "<group>"; };
		227C02BF286EF8C50094C57D /* Roboto-Regular.ttf */ = {isa = PBXFileReference; lastKnownFileType = file; path = "Roboto-Regular.ttf"; sourceTree = "<group>"; };
		227C02C0286EF8C50094C57D /* Roboto-Medium.ttf */ = {isa = PBXFileReference; lastKnownFileType = file; path = "Roboto-Medium.ttf"; sourceTree = "<group>"; };
		227C02C2286EF8C50094C57D /* Roboto-Bold.ttf */ = {isa = PBXFileReference; lastKnownFileType = file; path = "Roboto-Bold.ttf"; sourceTree = "<group>"; };
		227C02DA286EF9130094C57D /* Info.plist */ = {isa = PBXFileReference; lastKnownFileType = text.plist; path = Info.plist; sourceTree = "<group>"; };
		227C02DB286EF9F30094C57D /* Font+Extensions.swift */ = {isa = PBXFileReference; lastKnownFileType = sourcecode.swift; path = "Font+Extensions.swift"; sourceTree = "<group>"; };
		227C02DD286EFE660094C57D /* AppView.swift */ = {isa = PBXFileReference; lastKnownFileType = sourcecode.swift; path = AppView.swift; sourceTree = "<group>"; };
		227C02E0286F03990094C57D /* CheckBoxView.swift */ = {isa = PBXFileReference; lastKnownFileType = sourcecode.swift; path = CheckBoxView.swift; sourceTree = "<group>"; };
		229E0118286F275C00EEBBC7 /* ActivityCard.swift */ = {isa = PBXFileReference; lastKnownFileType = sourcecode.swift; path = ActivityCard.swift; sourceTree = "<group>"; };
		22E41435286F2F1F001E6B62 /* NavigationLink+Extensions.swift */ = {isa = PBXFileReference; lastKnownFileType = sourcecode.swift; path = "NavigationLink+Extensions.swift"; sourceTree = "<group>"; };
		22E41438286F3377001E6B62 /* ApiClient.swift */ = {isa = PBXFileReference; lastKnownFileType = sourcecode.swift; path = ApiClient.swift; sourceTree = "<group>"; };
		22E4143D286F3425001E6B62 /* Config.swift */ = {isa = PBXFileReference; lastKnownFileType = sourcecode.swift; path = Config.swift; sourceTree = "<group>"; };
		22E4143F286F3ED7001E6B62 /* Logger.swift */ = {isa = PBXFileReference; lastKnownFileType = sourcecode.swift; path = Logger.swift; sourceTree = "<group>"; };
		22E41441286F3F00001E6B62 /* JSONParsable.swift */ = {isa = PBXFileReference; lastKnownFileType = sourcecode.swift; path = JSONParsable.swift; sourceTree = "<group>"; };
/* End PBXFileReference section */

/* Begin PBXFrameworksBuildPhase section */
		227C026A286EEF180094C57D /* Frameworks */ = {
			isa = PBXFrameworksBuildPhase;
			buildActionMask = 2147483647;
			files = (
				227C02AF286EF6280094C57D /* SwiftyJSON in Frameworks */,
				227C029C286EEF870094C57D /* ComposableArchitecture in Frameworks */,
			);
			runOnlyForDeploymentPostprocessing = 0;
		};
		227C027A286EEF1A0094C57D /* Frameworks */ = {
			isa = PBXFrameworksBuildPhase;
			buildActionMask = 2147483647;
			files = (
			);
			runOnlyForDeploymentPostprocessing = 0;
		};
		227C0284286EEF1A0094C57D /* Frameworks */ = {
			isa = PBXFrameworksBuildPhase;
			buildActionMask = 2147483647;
			files = (
			);
			runOnlyForDeploymentPostprocessing = 0;
		};
/* End PBXFrameworksBuildPhase section */

/* Begin PBXGroup section */
		227C0264286EEF180094C57D = {
			isa = PBXGroup;
			children = (
				227C026F286EEF180094C57D /* Boring */,
				227C0280286EEF1A0094C57D /* BoringTests */,
				227C028A286EEF1A0094C57D /* BoringUITests */,
				227C026E286EEF180094C57D /* Products */,
			);
			sourceTree = "<group>";
		};
		227C026E286EEF180094C57D /* Products */ = {
			isa = PBXGroup;
			children = (
				227C026D286EEF180094C57D /* Boring.app */,
				227C027D286EEF1A0094C57D /* BoringTests.xctest */,
				227C0287286EEF1A0094C57D /* BoringUITests.xctest */,
			);
			name = Products;
			sourceTree = "<group>";
		};
		227C026F286EEF180094C57D /* Boring */ = {
			isa = PBXGroup;
			children = (
				227C02DA286EF9130094C57D /* Info.plist */,
				229E0118286F275C00EEBBC7 /* ActivityCard.swift */,
				227C02A1286EF0DE0094C57D /* ActivityView.swift */,
				227C02DD286EFE660094C57D /* AppView.swift */,
				227C0270286EEF180094C57D /* BoringApp.swift */,
				227C029F286EF0CE0094C57D /* CategoryView.swift */,
				227C029D286EF0BE0094C57D /* WelcomeView.swift */,
				227C02DF286F038D0094C57D /* Common */,
				227C02A8286EF4110094C57D /* Repository */,
				227C02A3286EF0E60094C57D /* Resources */,
				227C02A4286EF2880094C57D /* SupportingFiles */,
			);
			path = Boring;
			sourceTree = "<group>";
		};
		227C0276286EEF1A0094C57D /* Preview Content */ = {
			isa = PBXGroup;
			children = (
				227C0277286EEF1A0094C57D /* Preview Assets.xcassets */,
			);
			path = "Preview Content";
			sourceTree = "<group>";
		};
		227C0280286EEF1A0094C57D /* BoringTests */ = {
			isa = PBXGroup;
			children = (
				227C0281286EEF1A0094C57D /* BoringTests.swift */,
			);
			path = BoringTests;
			sourceTree = "<group>";
		};
		227C028A286EEF1A0094C57D /* BoringUITests */ = {
			isa = PBXGroup;
			children = (
				227C028B286EEF1A0094C57D /* BoringUITests.swift */,
				227C028D286EEF1A0094C57D /* BoringUITestsLaunchTests.swift */,
			);
			path = BoringUITests;
			sourceTree = "<group>";
		};
		227C02A3286EF0E60094C57D /* Resources */ = {
			isa = PBXGroup;
			children = (
				227C02B3286EF8BB0094C57D /* Fonts */,
				227C0274286EEF1A0094C57D /* Assets.xcassets */,
				227C0276286EEF1A0094C57D /* Preview Content */,
			);
			path = Resources;
			sourceTree = "<group>";
		};
		227C02A4286EF2880094C57D /* SupportingFiles */ = {
			isa = PBXGroup;
			children = (
				227C02A5286EF2930094C57D /* Extensions */,
				22E4143F286F3ED7001E6B62 /* Logger.swift */,
				22E41441286F3F00001E6B62 /* JSONParsable.swift */,
			);
			path = SupportingFiles;
			sourceTree = "<group>";
		};
		227C02A5286EF2930094C57D /* Extensions */ = {
			isa = PBXGroup;
			children = (
				227C02A6286EF29F0094C57D /* Color+Extension.swift */,
				227C02DB286EF9F30094C57D /* Font+Extensions.swift */,
				22E41435286F2F1F001E6B62 /* NavigationLink+Extensions.swift */,
			);
			path = Extensions;
			sourceTree = "<group>";
		};
		227C02A8286EF4110094C57D /* Repository */ = {
			isa = PBXGroup;
			children = (
				22E41437286F336F001E6B62 /* Entities */,
				227C02A9286EF41E0094C57D /* Category.swift */,
				227C02AB286EF59F0094C57D /* Activity.swift */,
				22E41438286F3377001E6B62 /* ApiClient.swift */,
				22E4143D286F3425001E6B62 /* Config.swift */,
			);
			path = Repository;
			sourceTree = "<group>";
		};
		227C02B3286EF8BB0094C57D /* Fonts */ = {
			isa = PBXGroup;
			children = (
				227C02BB286EF8C50094C57D /* Roboto-Black.ttf */,
				227C02C2286EF8C50094C57D /* Roboto-Bold.ttf */,
				227C02B9286EF8C50094C57D /* Roboto-Light.ttf */,
				227C02C0286EF8C50094C57D /* Roboto-Medium.ttf */,
				227C02BF286EF8C50094C57D /* Roboto-Regular.ttf */,
			);
			path = Fonts;
			sourceTree = "<group>";
		};
		227C02DF286F038D0094C57D /* Common */ = {
			isa = PBXGroup;
			children = (
				227C02E0286F03990094C57D /* CheckBoxView.swift */,
			);
			path = Common;
			sourceTree = "<group>";
		};
		22E41437286F336F001E6B62 /* Entities */ = {
			isa = PBXGroup;
			children = (
			);
			path = Entities;
			sourceTree = "<group>";
		};
/* End PBXGroup section */

/* Begin PBXNativeTarget section */
		227C026C286EEF180094C57D /* Boring */ = {
			isa = PBXNativeTarget;
			buildConfigurationList = 227C0291286EEF1A0094C57D /* Build configuration list for PBXNativeTarget "Boring" */;
			buildPhases = (
				227C0269286EEF180094C57D /* Sources */,
				227C026A286EEF180094C57D /* Frameworks */,
				227C026B286EEF180094C57D /* Resources */,
			);
			buildRules = (
			);
			dependencies = (
			);
			name = Boring;
			packageProductDependencies = (
				227C029B286EEF870094C57D /* ComposableArchitecture */,
				227C02AE286EF6280094C57D /* SwiftyJSON */,
			);
			productName = Boring;
			productReference = 227C026D286EEF180094C57D /* Boring.app */;
			productType = "com.apple.product-type.application";
		};
		227C027C286EEF1A0094C57D /* BoringTests */ = {
			isa = PBXNativeTarget;
			buildConfigurationList = 227C0294286EEF1A0094C57D /* Build configuration list for PBXNativeTarget "BoringTests" */;
			buildPhases = (
				227C0279286EEF1A0094C57D /* Sources */,
				227C027A286EEF1A0094C57D /* Frameworks */,
				227C027B286EEF1A0094C57D /* Resources */,
			);
			buildRules = (
			);
			dependencies = (
				227C027F286EEF1A0094C57D /* PBXTargetDependency */,
			);
			name = BoringTests;
			productName = BoringTests;
			productReference = 227C027D286EEF1A0094C57D /* BoringTests.xctest */;
			productType = "com.apple.product-type.bundle.unit-test";
		};
		227C0286286EEF1A0094C57D /* BoringUITests */ = {
			isa = PBXNativeTarget;
			buildConfigurationList = 227C0297286EEF1A0094C57D /* Build configuration list for PBXNativeTarget "BoringUITests" */;
			buildPhases = (
				227C0283286EEF1A0094C57D /* Sources */,
				227C0284286EEF1A0094C57D /* Frameworks */,
				227C0285286EEF1A0094C57D /* Resources */,
			);
			buildRules = (
			);
			dependencies = (
				227C0289286EEF1A0094C57D /* PBXTargetDependency */,
			);
			name = BoringUITests;
			productName = BoringUITests;
			productReference = 227C0287286EEF1A0094C57D /* BoringUITests.xctest */;
			productType = "com.apple.product-type.bundle.ui-testing";
		};
/* End PBXNativeTarget section */

/* Begin PBXProject section */
		227C0265286EEF180094C57D /* Project object */ = {
			isa = PBXProject;
			attributes = {
				BuildIndependentTargetsInParallel = 1;
				LastSwiftUpdateCheck = 1340;
				LastUpgradeCheck = 1340;
				TargetAttributes = {
					227C026C286EEF180094C57D = {
						CreatedOnToolsVersion = 13.4.1;
					};
					227C027C286EEF1A0094C57D = {
						CreatedOnToolsVersion = 13.4.1;
						TestTargetID = 227C026C286EEF180094C57D;
					};
					227C0286286EEF1A0094C57D = {
						CreatedOnToolsVersion = 13.4.1;
						TestTargetID = 227C026C286EEF180094C57D;
					};
					227C02E2286F0D240094C57D = {
						CreatedOnToolsVersion = 13.4.1;
					};
				};
			};
			buildConfigurationList = 227C0268286EEF180094C57D /* Build configuration list for PBXProject "Boring" */;
			compatibilityVersion = "Xcode 13.0";
			developmentRegion = en;
			hasScannedForEncodings = 0;
			knownRegions = (
				en,
				Base,
			);
			mainGroup = 227C0264286EEF180094C57D;
			packageReferences = (
				227C029A286EEF870094C57D /* XCRemoteSwiftPackageReference "swift-composable-architecture" */,
				227C02AD286EF6280094C57D /* XCRemoteSwiftPackageReference "SwiftyJSON" */,
			);
			productRefGroup = 227C026E286EEF180094C57D /* Products */;
			projectDirPath = "";
			projectRoot = "";
			targets = (
				227C026C286EEF180094C57D /* Boring */,
				227C027C286EEF1A0094C57D /* BoringTests */,
				227C0286286EEF1A0094C57D /* BoringUITests */,
				227C02E2286F0D240094C57D /* Linter & Formatter */,
			);
		};
/* End PBXProject section */

/* Begin PBXResourcesBuildPhase section */
		227C026B286EEF180094C57D /* Resources */ = {
			isa = PBXResourcesBuildPhase;
			buildActionMask = 2147483647;
			files = (
				227C0278286EEF1A0094C57D /* Preview Assets.xcassets in Resources */,
				227C02D3286EF8C50094C57D /* Roboto-Medium.ttf in Resources */,
				227C02D5286EF8C50094C57D /* Roboto-Bold.ttf in Resources */,
				227C0275286EEF1A0094C57D /* Assets.xcassets in Resources */,
				227C02D2286EF8C50094C57D /* Roboto-Regular.ttf in Resources */,
				227C02CE286EF8C50094C57D /* Roboto-Black.ttf in Resources */,
				227C02CC286EF8C50094C57D /* Roboto-Light.ttf in Resources */,
			);
			runOnlyForDeploymentPostprocessing = 0;
		};
		227C027B286EEF1A0094C57D /* Resources */ = {
			isa = PBXResourcesBuildPhase;
			buildActionMask = 2147483647;
			files = (
			);
			runOnlyForDeploymentPostprocessing = 0;
		};
		227C0285286EEF1A0094C57D /* Resources */ = {
			isa = PBXResourcesBuildPhase;
			buildActionMask = 2147483647;
			files = (
			);
			runOnlyForDeploymentPostprocessing = 0;
		};
/* End PBXResourcesBuildPhase section */

/* Begin PBXShellScriptBuildPhase section */
		227C02E6286F0D3A0094C57D /* [SwiftFormat] Run */ = {
			isa = PBXShellScriptBuildPhase;
			buildActionMask = 2147483647;
			files = (
			);
			inputFileListPaths = (
			);
			inputPaths = (
			);
			name = "[SwiftFormat] Run";
			outputFileListPaths = (
			);
			outputPaths = (
			);
			runOnlyForDeploymentPostprocessing = 0;
			shellPath = /bin/sh;
			shellScript = "export PATH=\"$PATH:/opt/homebrew/bin\"\nif which swiftformat >/dev/null; then\n    swiftformat Boring --config .Boring.swiftformat --swiftversion 5.4\nelse\n    echo \"warning: SwiftFormat not installed, download from https://github.com/nicklockwood/SwiftFormat\"\nfi\n";
		};
		227C02E7286F0D3F0094C57D /* [SwiftLint] Run */ = {
			isa = PBXShellScriptBuildPhase;
			buildActionMask = 2147483647;
			files = (
			);
			inputFileListPaths = (
			);
			inputPaths = (
			);
			name = "[SwiftLint] Run";
			outputFileListPaths = (
			);
			outputPaths = (
			);
			runOnlyForDeploymentPostprocessing = 0;
			shellPath = /bin/sh;
			shellScript = "export PATH=\"$PATH:/opt/homebrew/bin\"\nif which swiftlint >/dev/null; then\n    swiftlint lint --config .swiftlint.yml\nelse\n    echo \"warning: SwiftLint not installed, download from https://github.com/realm/SwiftLint\"\nfi\n";
		};
/* End PBXShellScriptBuildPhase section */

/* Begin PBXSourcesBuildPhase section */
		227C0269286EEF180094C57D /* Sources */ = {
			isa = PBXSourcesBuildPhase;
			buildActionMask = 2147483647;
			files = (
				227C02DE286EFE660094C57D /* AppView.swift in Sources */,
				22E41442286F3F00001E6B62 /* JSONParsable.swift in Sources */,
				227C02E1286F03990094C57D /* CheckBoxView.swift in Sources */,
				227C02A7286EF29F0094C57D /* Color+Extension.swift in Sources */,
				22E4143E286F3425001E6B62 /* Config.swift in Sources */,
				227C02A0286EF0CE0094C57D /* CategoryView.swift in Sources */,
				227C02AC286EF59F0094C57D /* Activity.swift in Sources */,
				227C029E286EF0BE0094C57D /* WelcomeView.swift in Sources */,
				227C02DC286EF9F30094C57D /* Font+Extensions.swift in Sources */,
				227C0271286EEF180094C57D /* BoringApp.swift in Sources */,
				22E41439286F3377001E6B62 /* ApiClient.swift in Sources */,
				22E41440286F3ED7001E6B62 /* Logger.swift in Sources */,
				227C02A2286EF0DE0094C57D /* ActivityView.swift in Sources */,
				229E0119286F275C00EEBBC7 /* ActivityCard.swift in Sources */,
				227C02AA286EF41E0094C57D /* Category.swift in Sources */,
				22E41436286F2F1F001E6B62 /* NavigationLink+Extensions.swift in Sources */,
			);
			runOnlyForDeploymentPostprocessing = 0;
		};
		227C0279286EEF1A0094C57D /* Sources */ = {
			isa = PBXSourcesBuildPhase;
			buildActionMask = 2147483647;
			files = (
				227C0282286EEF1A0094C57D /* BoringTests.swift in Sources */,
			);
			runOnlyForDeploymentPostprocessing = 0;
		};
		227C0283286EEF1A0094C57D /* Sources */ = {
			isa = PBXSourcesBuildPhase;
			buildActionMask = 2147483647;
			files = (
				227C028C286EEF1A0094C57D /* BoringUITests.swift in Sources */,
				227C028E286EEF1A0094C57D /* BoringUITestsLaunchTests.swift in Sources */,
			);
			runOnlyForDeploymentPostprocessing = 0;
		};
/* End PBXSourcesBuildPhase section */

/* Begin PBXTargetDependency section */
		227C027F286EEF1A0094C57D /* PBXTargetDependency */ = {
			isa = PBXTargetDependency;
			target = 227C026C286EEF180094C57D /* Boring */;
			targetProxy = 227C027E286EEF1A0094C57D /* PBXContainerItemProxy */;
		};
		227C0289286EEF1A0094C57D /* PBXTargetDependency */ = {
			isa = PBXTargetDependency;
			target = 227C026C286EEF180094C57D /* Boring */;
			targetProxy = 227C0288286EEF1A0094C57D /* PBXContainerItemProxy */;
		};
/* End PBXTargetDependency section */

/* Begin XCBuildConfiguration section */
		227C028F286EEF1A0094C57D /* Debug */ = {
			isa = XCBuildConfiguration;
			buildSettings = {
				ALWAYS_SEARCH_USER_PATHS = NO;
				CLANG_ANALYZER_NONNULL = YES;
				CLANG_ANALYZER_NUMBER_OBJECT_CONVERSION = YES_AGGRESSIVE;
				CLANG_CXX_LANGUAGE_STANDARD = "gnu++17";
				CLANG_ENABLE_MODULES = YES;
				CLANG_ENABLE_OBJC_ARC = YES;
				CLANG_ENABLE_OBJC_WEAK = YES;
				CLANG_WARN_BLOCK_CAPTURE_AUTORELEASING = YES;
				CLANG_WARN_BOOL_CONVERSION = YES;
				CLANG_WARN_COMMA = YES;
				CLANG_WARN_CONSTANT_CONVERSION = YES;
				CLANG_WARN_DEPRECATED_OBJC_IMPLEMENTATIONS = YES;
				CLANG_WARN_DIRECT_OBJC_ISA_USAGE = YES_ERROR;
				CLANG_WARN_DOCUMENTATION_COMMENTS = YES;
				CLANG_WARN_EMPTY_BODY = YES;
				CLANG_WARN_ENUM_CONVERSION = YES;
				CLANG_WARN_INFINITE_RECURSION = YES;
				CLANG_WARN_INT_CONVERSION = YES;
				CLANG_WARN_NON_LITERAL_NULL_CONVERSION = YES;
				CLANG_WARN_OBJC_IMPLICIT_RETAIN_SELF = YES;
				CLANG_WARN_OBJC_LITERAL_CONVERSION = YES;
				CLANG_WARN_OBJC_ROOT_CLASS = YES_ERROR;
				CLANG_WARN_QUOTED_INCLUDE_IN_FRAMEWORK_HEADER = YES;
				CLANG_WARN_RANGE_LOOP_ANALYSIS = YES;
				CLANG_WARN_STRICT_PROTOTYPES = YES;
				CLANG_WARN_SUSPICIOUS_MOVE = YES;
				CLANG_WARN_UNGUARDED_AVAILABILITY = YES_AGGRESSIVE;
				CLANG_WARN_UNREACHABLE_CODE = YES;
				CLANG_WARN__DUPLICATE_METHOD_MATCH = YES;
				COPY_PHASE_STRIP = NO;
				DEBUG_INFORMATION_FORMAT = dwarf;
				ENABLE_STRICT_OBJC_MSGSEND = YES;
				ENABLE_TESTABILITY = YES;
				GCC_C_LANGUAGE_STANDARD = gnu11;
				GCC_DYNAMIC_NO_PIC = NO;
				GCC_NO_COMMON_BLOCKS = YES;
				GCC_OPTIMIZATION_LEVEL = 0;
				GCC_PREPROCESSOR_DEFINITIONS = (
					"DEBUG=1",
					"$(inherited)",
				);
				GCC_WARN_64_TO_32_BIT_CONVERSION = YES;
				GCC_WARN_ABOUT_RETURN_TYPE = YES_ERROR;
				GCC_WARN_UNDECLARED_SELECTOR = YES;
				GCC_WARN_UNINITIALIZED_AUTOS = YES_AGGRESSIVE;
				GCC_WARN_UNUSED_FUNCTION = YES;
				GCC_WARN_UNUSED_VARIABLE = YES;
				IPHONEOS_DEPLOYMENT_TARGET = 15.5;
				MTL_ENABLE_DEBUG_INFO = INCLUDE_SOURCE;
				MTL_FAST_MATH = YES;
				ONLY_ACTIVE_ARCH = YES;
				SDKROOT = iphoneos;
				SWIFT_ACTIVE_COMPILATION_CONDITIONS = DEBUG;
				SWIFT_OPTIMIZATION_LEVEL = "-Onone";
			};
			name = Debug;
		};
		227C0290286EEF1A0094C57D /* Release */ = {
			isa = XCBuildConfiguration;
			buildSettings = {
				ALWAYS_SEARCH_USER_PATHS = NO;
				CLANG_ANALYZER_NONNULL = YES;
				CLANG_ANALYZER_NUMBER_OBJECT_CONVERSION = YES_AGGRESSIVE;
				CLANG_CXX_LANGUAGE_STANDARD = "gnu++17";
				CLANG_ENABLE_MODULES = YES;
				CLANG_ENABLE_OBJC_ARC = YES;
				CLANG_ENABLE_OBJC_WEAK = YES;
				CLANG_WARN_BLOCK_CAPTURE_AUTORELEASING = YES;
				CLANG_WARN_BOOL_CONVERSION = YES;
				CLANG_WARN_COMMA = YES;
				CLANG_WARN_CONSTANT_CONVERSION = YES;
				CLANG_WARN_DEPRECATED_OBJC_IMPLEMENTATIONS = YES;
				CLANG_WARN_DIRECT_OBJC_ISA_USAGE = YES_ERROR;
				CLANG_WARN_DOCUMENTATION_COMMENTS = YES;
				CLANG_WARN_EMPTY_BODY = YES;
				CLANG_WARN_ENUM_CONVERSION = YES;
				CLANG_WARN_INFINITE_RECURSION = YES;
				CLANG_WARN_INT_CONVERSION = YES;
				CLANG_WARN_NON_LITERAL_NULL_CONVERSION = YES;
				CLANG_WARN_OBJC_IMPLICIT_RETAIN_SELF = YES;
				CLANG_WARN_OBJC_LITERAL_CONVERSION = YES;
				CLANG_WARN_OBJC_ROOT_CLASS = YES_ERROR;
				CLANG_WARN_QUOTED_INCLUDE_IN_FRAMEWORK_HEADER = YES;
				CLANG_WARN_RANGE_LOOP_ANALYSIS = YES;
				CLANG_WARN_STRICT_PROTOTYPES = YES;
				CLANG_WARN_SUSPICIOUS_MOVE = YES;
				CLANG_WARN_UNGUARDED_AVAILABILITY = YES_AGGRESSIVE;
				CLANG_WARN_UNREACHABLE_CODE = YES;
				CLANG_WARN__DUPLICATE_METHOD_MATCH = YES;
				COPY_PHASE_STRIP = NO;
				DEBUG_INFORMATION_FORMAT = "dwarf-with-dsym";
				ENABLE_NS_ASSERTIONS = NO;
				ENABLE_STRICT_OBJC_MSGSEND = YES;
				GCC_C_LANGUAGE_STANDARD = gnu11;
				GCC_NO_COMMON_BLOCKS = YES;
				GCC_WARN_64_TO_32_BIT_CONVERSION = YES;
				GCC_WARN_ABOUT_RETURN_TYPE = YES_ERROR;
				GCC_WARN_UNDECLARED_SELECTOR = YES;
				GCC_WARN_UNINITIALIZED_AUTOS = YES_AGGRESSIVE;
				GCC_WARN_UNUSED_FUNCTION = YES;
				GCC_WARN_UNUSED_VARIABLE = YES;
				IPHONEOS_DEPLOYMENT_TARGET = 15.5;
				MTL_ENABLE_DEBUG_INFO = NO;
				MTL_FAST_MATH = YES;
				SDKROOT = iphoneos;
				SWIFT_COMPILATION_MODE = wholemodule;
				SWIFT_OPTIMIZATION_LEVEL = "-O";
				VALIDATE_PRODUCT = YES;
			};
			name = Release;
		};
		227C0292286EEF1A0094C57D /* Debug */ = {
			isa = XCBuildConfiguration;
			buildSettings = {
				ASSETCATALOG_COMPILER_APPICON_NAME = AppIcon;
				ASSETCATALOG_COMPILER_GLOBAL_ACCENT_COLOR_NAME = AccentColor;
				CODE_SIGN_STYLE = Automatic;
				CURRENT_PROJECT_VERSION = 1;
				DEVELOPMENT_ASSET_PATHS = "\"Boring/Resources/Preview Content\"";
				DEVELOPMENT_TEAM = S4X4KH6498;
				ENABLE_PREVIEWS = YES;
				GENERATE_INFOPLIST_FILE = YES;
				INFOPLIST_FILE = Boring/Info.plist;
				INFOPLIST_KEY_UIApplicationSceneManifest_Generation = YES;
				INFOPLIST_KEY_UIApplicationSupportsIndirectInputEvents = YES;
				INFOPLIST_KEY_UILaunchScreen_Generation = YES;
				INFOPLIST_KEY_UISupportedInterfaceOrientations = UIInterfaceOrientationPortrait;
				INFOPLIST_KEY_UISupportedInterfaceOrientations_iPad = "UIInterfaceOrientationPortrait UIInterfaceOrientationPortraitUpsideDown UIInterfaceOrientationLandscapeLeft UIInterfaceOrientationLandscapeRight";
				INFOPLIST_KEY_UISupportedInterfaceOrientations_iPhone = "UIInterfaceOrientationPortrait UIInterfaceOrientationLandscapeLeft UIInterfaceOrientationLandscapeRight";
				IPHONEOS_DEPLOYMENT_TARGET = 15.0;
				LD_RUNPATH_SEARCH_PATHS = (
					"$(inherited)",
					"@executable_path/Frameworks",
				);
				MARKETING_VERSION = 1.0;
				PRODUCT_BUNDLE_IDENTIFIER = house.devs.Boring;
				PRODUCT_NAME = "$(TARGET_NAME)";
				SWIFT_EMIT_LOC_STRINGS = YES;
				SWIFT_VERSION = 5.0;
				TARGETED_DEVICE_FAMILY = 1;
			};
			name = Debug;
		};
		227C0293286EEF1A0094C57D /* Release */ = {
			isa = XCBuildConfiguration;
			buildSettings = {
				ASSETCATALOG_COMPILER_APPICON_NAME = AppIcon;
				ASSETCATALOG_COMPILER_GLOBAL_ACCENT_COLOR_NAME = AccentColor;
				CODE_SIGN_STYLE = Automatic;
				CURRENT_PROJECT_VERSION = 1;
				DEVELOPMENT_ASSET_PATHS = "\"Boring/Resources/Preview Content\"";
				DEVELOPMENT_TEAM = S4X4KH6498;
				ENABLE_PREVIEWS = YES;
				GENERATE_INFOPLIST_FILE = YES;
				INFOPLIST_FILE = Boring/Info.plist;
				INFOPLIST_KEY_UIApplicationSceneManifest_Generation = YES;
				INFOPLIST_KEY_UIApplicationSupportsIndirectInputEvents = YES;
				INFOPLIST_KEY_UILaunchScreen_Generation = YES;
				INFOPLIST_KEY_UISupportedInterfaceOrientations = UIInterfaceOrientationPortrait;
				INFOPLIST_KEY_UISupportedInterfaceOrientations_iPad = "UIInterfaceOrientationPortrait UIInterfaceOrientationPortraitUpsideDown UIInterfaceOrientationLandscapeLeft UIInterfaceOrientationLandscapeRight";
				INFOPLIST_KEY_UISupportedInterfaceOrientations_iPhone = "UIInterfaceOrientationPortrait UIInterfaceOrientationLandscapeLeft UIInterfaceOrientationLandscapeRight";
				IPHONEOS_DEPLOYMENT_TARGET = 15.0;
				LD_RUNPATH_SEARCH_PATHS = (
					"$(inherited)",
					"@executable_path/Frameworks",
				);
				MARKETING_VERSION = 1.0;
				PRODUCT_BUNDLE_IDENTIFIER = house.devs.Boring;
				PRODUCT_NAME = "$(TARGET_NAME)";
				SWIFT_EMIT_LOC_STRINGS = YES;
				SWIFT_VERSION = 5.0;
				TARGETED_DEVICE_FAMILY = 1;
			};
			name = Release;
		};
		227C0295286EEF1A0094C57D /* Debug */ = {
			isa = XCBuildConfiguration;
			buildSettings = {
				ALWAYS_EMBED_SWIFT_STANDARD_LIBRARIES = YES;
				BUNDLE_LOADER = "$(TEST_HOST)";
				CODE_SIGN_STYLE = Automatic;
				CURRENT_PROJECT_VERSION = 1;
				DEVELOPMENT_TEAM = S4X4KH6498;
				GENERATE_INFOPLIST_FILE = YES;
				IPHONEOS_DEPLOYMENT_TARGET = 15.5;
				MARKETING_VERSION = 1.0;
				PRODUCT_BUNDLE_IDENTIFIER = house.devs.BoringTests;
				PRODUCT_NAME = "$(TARGET_NAME)";
				SWIFT_EMIT_LOC_STRINGS = NO;
				SWIFT_VERSION = 5.0;
				TARGETED_DEVICE_FAMILY = "1,2";
				TEST_HOST = "$(BUILT_PRODUCTS_DIR)/Boring.app/Boring";
			};
			name = Debug;
		};
		227C0296286EEF1A0094C57D /* Release */ = {
			isa = XCBuildConfiguration;
			buildSettings = {
				ALWAYS_EMBED_SWIFT_STANDARD_LIBRARIES = YES;
				BUNDLE_LOADER = "$(TEST_HOST)";
				CODE_SIGN_STYLE = Automatic;
				CURRENT_PROJECT_VERSION = 1;
				DEVELOPMENT_TEAM = S4X4KH6498;
				GENERATE_INFOPLIST_FILE = YES;
				IPHONEOS_DEPLOYMENT_TARGET = 15.5;
				MARKETING_VERSION = 1.0;
				PRODUCT_BUNDLE_IDENTIFIER = house.devs.BoringTests;
				PRODUCT_NAME = "$(TARGET_NAME)";
				SWIFT_EMIT_LOC_STRINGS = NO;
				SWIFT_VERSION = 5.0;
				TARGETED_DEVICE_FAMILY = "1,2";
				TEST_HOST = "$(BUILT_PRODUCTS_DIR)/Boring.app/Boring";
			};
			name = Release;
		};
		227C0298286EEF1A0094C57D /* Debug */ = {
			isa = XCBuildConfiguration;
			buildSettings = {
				ALWAYS_EMBED_SWIFT_STANDARD_LIBRARIES = YES;
				CODE_SIGN_STYLE = Automatic;
				CURRENT_PROJECT_VERSION = 1;
				DEVELOPMENT_TEAM = S4X4KH6498;
				GENERATE_INFOPLIST_FILE = YES;
				MARKETING_VERSION = 1.0;
				PRODUCT_BUNDLE_IDENTIFIER = house.devs.BoringUITests;
				PRODUCT_NAME = "$(TARGET_NAME)";
				SWIFT_EMIT_LOC_STRINGS = NO;
				SWIFT_VERSION = 5.0;
				TARGETED_DEVICE_FAMILY = "1,2";
				TEST_TARGET_NAME = Boring;
			};
			name = Debug;
		};
		227C0299286EEF1A0094C57D /* Release */ = {
			isa = XCBuildConfiguration;
			buildSettings = {
				ALWAYS_EMBED_SWIFT_STANDARD_LIBRARIES = YES;
				CODE_SIGN_STYLE = Automatic;
				CURRENT_PROJECT_VERSION = 1;
				DEVELOPMENT_TEAM = S4X4KH6498;
				GENERATE_INFOPLIST_FILE = YES;
				MARKETING_VERSION = 1.0;
				PRODUCT_BUNDLE_IDENTIFIER = house.devs.BoringUITests;
				PRODUCT_NAME = "$(TARGET_NAME)";
				SWIFT_EMIT_LOC_STRINGS = NO;
				SWIFT_VERSION = 5.0;
				TARGETED_DEVICE_FAMILY = "1,2";
				TEST_TARGET_NAME = Boring;
			};
			name = Release;
		};
		227C02E4286F0D240094C57D /* Debug */ = {
			isa = XCBuildConfiguration;
			buildSettings = {
				CODE_SIGN_STYLE = Automatic;
				DEVELOPMENT_TEAM = S4X4KH6498;
				PRODUCT_NAME = "$(TARGET_NAME)";
			};
			name = Debug;
		};
		227C02E5286F0D240094C57D /* Release */ = {
			isa = XCBuildConfiguration;
			buildSettings = {
				CODE_SIGN_STYLE = Automatic;
				DEVELOPMENT_TEAM = S4X4KH6498;
				PRODUCT_NAME = "$(TARGET_NAME)";
			};
			name = Release;
		};
/* End XCBuildConfiguration section */

/* Begin XCConfigurationList section */
		227C0268286EEF180094C57D /* Build configuration list for PBXProject "Boring" */ = {
			isa = XCConfigurationList;
			buildConfigurations = (
				227C028F286EEF1A0094C57D /* Debug */,
				227C0290286EEF1A0094C57D /* Release */,
			);
			defaultConfigurationIsVisible = 0;
			defaultConfigurationName = Release;
		};
		227C0291286EEF1A0094C57D /* Build configuration list for PBXNativeTarget "Boring" */ = {
			isa = XCConfigurationList;
			buildConfigurations = (
				227C0292286EEF1A0094C57D /* Debug */,
				227C0293286EEF1A0094C57D /* Release */,
			);
			defaultConfigurationIsVisible = 0;
			defaultConfigurationName = Release;
		};
		227C0294286EEF1A0094C57D /* Build configuration list for PBXNativeTarget "BoringTests" */ = {
			isa = XCConfigurationList;
			buildConfigurations = (
				227C0295286EEF1A0094C57D /* Debug */,
				227C0296286EEF1A0094C57D /* Release */,
			);
			defaultConfigurationIsVisible = 0;
			defaultConfigurationName = Release;
		};
		227C0297286EEF1A0094C57D /* Build configuration list for PBXNativeTarget "BoringUITests" */ = {
			isa = XCConfigurationList;
			buildConfigurations = (
				227C0298286EEF1A0094C57D /* Debug */,
				227C0299286EEF1A0094C57D /* Release */,
			);
			defaultConfigurationIsVisible = 0;
			defaultConfigurationName = Release;
		};
		227C02E3286F0D240094C57D /* Build configuration list for PBXAggregateTarget "Linter & Formatter" */ = {
			isa = XCConfigurationList;
			buildConfigurations = (
				227C02E4286F0D240094C57D /* Debug */,
				227C02E5286F0D240094C57D /* Release */,
			);
			defaultConfigurationIsVisible = 0;
			defaultConfigurationName = Release;
		};
/* End XCConfigurationList section */

/* Begin XCRemoteSwiftPackageReference section */
		227C029A286EEF870094C57D /* XCRemoteSwiftPackageReference "swift-composable-architecture" */ = {
			isa = XCRemoteSwiftPackageReference;
			repositoryURL = "https://github.com/pointfreeco/swift-composable-architecture";
			requirement = {
				branch = main;
				kind = branch;
			};
		};
		227C02AD286EF6280094C57D /* XCRemoteSwiftPackageReference "SwiftyJSON" */ = {
			isa = XCRemoteSwiftPackageReference;
			repositoryURL = "https://github.com/SwiftyJSON/SwiftyJSON.git";
			requirement = {
				kind = upToNextMajorVersion;
				minimumVersion = 5.0.0;
			};
		};
/* End XCRemoteSwiftPackageReference section */

/* Begin XCSwiftPackageProductDependency section */
		227C029B286EEF870094C57D /* ComposableArchitecture */ = {
			isa = XCSwiftPackageProductDependency;
			package = 227C029A286EEF870094C57D /* XCRemoteSwiftPackageReference "swift-composable-architecture" */;
			productName = ComposableArchitecture;
		};
		227C02AE286EF6280094C57D /* SwiftyJSON */ = {
			isa = XCSwiftPackageProductDependency;
			package = 227C02AD286EF6280094C57D /* XCRemoteSwiftPackageReference "SwiftyJSON" */;
			productName = SwiftyJSON;
		};
/* End XCSwiftPackageProductDependency section */
	};
	rootObject = 227C0265286EEF180094C57D /* Project object */;
}
